
Microsoft Visual Studio Solution File, Format Version 12.00
# Visual Studio 14
VisualStudioVersion = 14.0.25420.1
MinimumVisualStudioVersion = 10.0.40219.1
Project("{FAE04EC0-301F-11D3-BF4B-00C04F79EFBC}") = "WyCash.UnitTests", "..\WyCash.UnitTests\WyCash.UnitTests.csproj", "{4E2A8A1A-4148-421C-90AD-1A4B8EB66081}"
EndProject
Project("{FAE04EC0-301F-11D3-BF4B-00C04F79EFBC}") = "WyCash.Core", "WyCash.Core.csproj", "{F19A7594-E42D-4281-A342-D4327B7DE8A2}"
EndProject
Global
	GlobalSection(SolutionConfigurationPlatforms) = preSolution
		Debug|Any CPU = Debug|Any CPU
		Release|Any CPU = Release|Any CPU
	EndGlobalSection
	GlobalSection(ProjectConfigurationPlatforms) = postSolution
		{4E2A8A1A-4148-421C-90AD-1A4B8EB66081}.Debug|Any CPU.ActiveCfg = Debug|Any CPU
		{4E2A8A1A-4148-421C-90AD-1A4B8EB66081}.Debug|Any CPU.Build.0 = Debug|Any CPU
		{4E2A8A1A-4148-421C-90AD-1A4B8EB66081}.Release|Any CPU.ActiveCfg = Release|Any CPU
		{4E2A8A1A-4148-421C-90AD-1A4B8EB66081}.Release|Any CPU.Build.0 = Release|Any CPU
		{F19A7594-E42D-4281-A342-D4327B7DE8A2}.Debug|Any CPU.ActiveCfg = Debug|Any CPU
		{F19A7594-E42D-4281-A342-D4327B7DE8A2}.Debug|Any CPU.Build.0 = Debug|Any CPU
		{F19A7594-E42D-4281-A342-D4327B7DE8A2}.Release|Any CPU.ActiveCfg = Release|Any CPU
		{F19A7594-E42D-4281-A342-D4327B7DE8A2}.Release|Any CPU.Build.0 = Release|Any CPU
	EndGlobalSection
	GlobalSection(SolutionProperties) = preSolution
		HideSolutionNode = FALSE
	EndGlobalSection
EndGlobal
